
Microsoft Visual Studio Solution File, Format Version 12.00
# Visual Studio 15
VisualStudioVersion = 15.0.27703.2042
MinimumVisualStudioVersion = 10.0.40219.1
Project("{FAE04EC0-301F-11D3-BF4B-00C04F79EFBC}") = "DingdongBook", "DingdongBook\DingdongBook.csproj", "{861FF624-3BFD-4FB1-A494-559DA4C99E14}"
EndProject
Global
	GlobalSection(SolutionConfigurationPlatforms) = preSolution
		Debug|Any CPU = Debug|Any CPU
		Release|Any CPU = Release|Any CPU
	EndGlobalSection
	GlobalSection(ProjectConfigurationPlatforms) = postSolution
		{861FF624-3BFD-4FB1-A494-559DA4C99E14}.Debug|Any CPU.ActiveCfg = Debug|Any CPU
		{861FF624-3BFD-4FB1-A494-559DA4C99E14}.Debug|Any CPU.Build.0 = Debug|Any CPU
		{861FF624-3BFD-4FB1-A494-559DA4C99E14}.Release|Any CPU.ActiveCfg = Release|Any CPU
		{861FF624-3BFD-4FB1-A494-559DA4C99E14}.Release|Any CPU.Build.0 = Release|Any CPU
	EndGlobalSection
	GlobalSection(SolutionProperties) = preSolution
		HideSolutionNode = FALSE
	EndGlobalSection
	GlobalSection(ExtensibilityGlobals) = postSolution
		SolutionGuid = {791AAC27-6DC5-4936-A520-1B2C83C3E71A}
	EndGlobalSection
EndGlobal
